github.com/d5/tengo/v2 v2.4.2 h1:Sj+v0CS8jtrZrXyJLzWof6QTnE6S5k3tYP0y6YVPGkw=
github.com/d5/tengo/v2 v2.4.2/go.mod h1:XRGjEs5I9jYIKTxly6HCF8oiiilk5E/RYXOZ5b0DZC8=
gocv.io/x/gocv v0.23.0 h1:3Fgbt06/uR8Zf9emWndhjbUjdrw+nto69R/b4noFydY=
gocv.io/x/gocv v0.23.0/go.mod h1:Rar2PS6DV+T4FL+PM535EImD/h13hGVaHhnCu1xarBs=
